
Microsoft Visual Studio Solution File, Format Version 12.00
# Visual Studio Version 17
VisualStudioVersion = 17.6.33815.320
MinimumVisualStudioVersion = 10.0.40219.1
Project("{FAE04EC0-301F-11D3-BF4B-00C04F79EFBC}") = "M320_IMS_2023_2024", "M320_IMS_2023_2024\M320_IMS_2023_2024.csproj", "{F48D479F-63EA-40B1-966C-5FCA6E6787C3}"
EndProject
Project("{FAE04EC0-301F-11D3-BF4B-00C04F79EFBC}") = "OO_Functions", "OO_Functions\OO_Functions.csproj", "{7887A880-8C0B-4892-BAA1-34C42C0DC9E5}"
EndProject
Global
	GlobalSection(SolutionConfigurationPlatforms) = preSolution
		Debug|Any CPU = Debug|Any CPU
		Release|Any CPU = Release|Any CPU
	EndGlobalSection
	GlobalSection(ProjectConfigurationPlatforms) = postSolution
		{F48D479F-63EA-40B1-966C-5FCA6E6787C3}.Debug|Any CPU.ActiveCfg = Debug|Any CPU
		{F48D479F-63EA-40B1-966C-5FCA6E6787C3}.Debug|Any CPU.Build.0 = Debug|Any CPU
		{F48D479F-63EA-40B1-966C-5FCA6E6787C3}.Release|Any CPU.ActiveCfg = Release|Any CPU
		{F48D479F-63EA-40B1-966C-5FCA6E6787C3}.Release|Any CPU.Build.0 = Release|Any CPU
		{7887A880-8C0B-4892-BAA1-34C42C0DC9E5}.Debug|Any CPU.ActiveCfg = Debug|Any CPU
		{7887A880-8C0B-4892-BAA1-34C42C0DC9E5}.Debug|Any CPU.Build.0 = Debug|Any CPU
		{7887A880-8C0B-4892-BAA1-34C42C0DC9E5}.Release|Any CPU.ActiveCfg = Release|Any CPU
		{7887A880-8C0B-4892-BAA1-34C42C0DC9E5}.Release|Any CPU.Build.0 = Release|Any CPU
	EndGlobalSection
	GlobalSection(SolutionProperties) = preSolution
		HideSolutionNode = FALSE
	EndGlobalSection
	GlobalSection(ExtensibilityGlobals) = postSolution
		SolutionGuid = {3629393B-6BC4-4D3B-9B91-5DC3DF5A4540}
	EndGlobalSection
EndGlobal
